
Microsoft Visual Studio Solution File, Format Version 12.00
# Visual Studio Version 17
VisualStudioVersion = 17.14.36429.23
MinimumVisualStudioVersion = 10.0.40219.1
Project("{2150E333-8FDC-42A3-9474-1A3956D46DE8}") = "Task0", "Task0", "{02EA681E-C7D8-13C7-8484-4AC65E1B71E8}"
EndProject
Project("{FAE04EC0-301F-11D3-BF4B-00C04F79EFBC}") = "Tyuiu.KadralinovaAT.Sprint4.Task0.V5", "Tyuiu.KadralinovaAT.Sprint4.Task0.V5\Tyuiu.KadralinovaAT.Sprint4.Task0.V5.csproj", "{8EB5663D-4998-4791-8991-3BAD5CA7CDEB}"
EndProject
Project("{FAE04EC0-301F-11D3-BF4B-00C04F79EFBC}") = "Tyuiu.KadralinovaAT.Sprint4.Task0.V5.Lib", "Tyuiu.KadralinovaAT.Sprint4.Task0.V5.Lib\Tyuiu.KadralinovaAT.Sprint4.Task0.V5.Lib.csproj", "{24339D7A-DEE8-45FE-BAEC-DBA8C3FD26A0}"
EndProject
Project("{FAE04EC0-301F-11D3-BF4B-00C04F79EFBC}") = "Tyuiu.KadralinovaAT.Sprint4.Task0.V5.Test", "Tyuiu.KadralinovaAT.Sprint4.Task0.V5.Test\Tyuiu.KadralinovaAT.Sprint4.Task0.V5.Test.csproj", "{BE5F7246-EBF3-49C8-87E2-8CF3213B63D2}"
EndProject
Project("{2150E333-8FDC-42A3-9474-1A3956D46DE8}") = "Task1", "Task1", "{6FD56617-421B-420B-9A3A-8668C9BBE0FD}"
EndProject
Project("{FAE04EC0-301F-11D3-BF4B-00C04F79EFBC}") = "Tyuiu.KadralinovaAT.Sprint4.Task1.V3", "Tyuiu.KadralinovaAT.Sprint4.Task1.V3\Tyuiu.KadralinovaAT.Sprint4.Task1.V3.csproj", "{2E46D9AD-4E0A-46CA-B5BF-F05C887C1EEC}"
EndProject
Project("{FAE04EC0-301F-11D3-BF4B-00C04F79EFBC}") = "Tyuiu.KadralinovaAT.Sprint4.Task1.V3.Lib", "Tyuiu.KadralinovaAT.Sprint4.Task1.V3.Lib\Tyuiu.KadralinovaAT.Sprint4.Task1.V3.Lib.csproj", "{892F60B7-0BC7-4B12-A96D-F149F5C9477D}"
EndProject
Project("{FAE04EC0-301F-11D3-BF4B-00C04F79EFBC}") = "Tyuiu.KadralinovaAT.Sprint4.Task1.V3.Test", "Tyuiu.KadralinovaAT.Sprint4.Task1.V3.Test\Tyuiu.KadralinovaAT.Sprint4.Task1.V3.Test.csproj", "{2BE6128A-AF88-4CAA-83AD-7E1D8A438AC9}"
EndProject
Global
	GlobalSection(SolutionConfigurationPlatforms) = preSolution
		Debug|Any CPU = Debug|Any CPU
		Release|Any CPU = Release|Any CPU
	EndGlobalSection
	GlobalSection(ProjectConfigurationPlatforms) = postSolution
		{8EB5663D-4998-4791-8991-3BAD5CA7CDEB}.Debug|Any CPU.ActiveCfg = Debug|Any CPU
		{8EB5663D-4998-4791-8991-3BAD5CA7CDEB}.Debug|Any CPU.Build.0 = Debug|Any CPU
		{8EB5663D-4998-4791-8991-3BAD5CA7CDEB}.Release|Any CPU.ActiveCfg = Release|Any CPU
		{8EB5663D-4998-4791-8991-3BAD5CA7CDEB}.Release|Any CPU.Build.0 = Release|Any CPU
		{24339D7A-DEE8-45FE-BAEC-DBA8C3FD26A0}.Debug|Any CPU.ActiveCfg = Debug|Any CPU
		{24339D7A-DEE8-45FE-BAEC-DBA8C3FD26A0}.Debug|Any CPU.Build.0 = Debug|Any CPU
		{24339D7A-DEE8-45FE-BAEC-DBA8C3FD26A0}.Release|Any CPU.ActiveCfg = Release|Any CPU
		{24339D7A-DEE8-45FE-BAEC-DBA8C3FD26A0}.Release|Any CPU.Build.0 = Release|Any CPU
		{BE5F7246-EBF3-49C8-87E2-8CF3213B63D2}.Debug|Any CPU.ActiveCfg = Debug|Any CPU
		{BE5F7246-EBF3-49C8-87E2-8CF3213B63D2}.Debug|Any CPU.Build.0 = Debug|Any CPU
		{BE5F7246-EBF3-49C8-87E2-8CF3213B63D2}.Release|Any CPU.ActiveCfg = Release|Any CPU
		{BE5F7246-EBF3-49C8-87E2-8CF3213B63D2}.Release|Any CPU.Build.0 = Release|Any CPU
		{2E46D9AD-4E0A-46CA-B5BF-F05C887C1EEC}.Debug|Any CPU.ActiveCfg = Debug|Any CPU
		{2E46D9AD-4E0A-46CA-B5BF-F05C887C1EEC}.Debug|Any CPU.Build.0 = Debug|Any CPU
		{2E46D9AD-4E0A-46CA-B5BF-F05C887C1EEC}.Release|Any CPU.ActiveCfg = Release|Any CPU
		{2E46D9AD-4E0A-46CA-B5BF-F05C887C1EEC}.Release|Any CPU.Build.0 = Release|Any CPU
		{892F60B7-0BC7-4B12-A96D-F149F5C9477D}.Debug|Any CPU.ActiveCfg = Debug|Any CPU
		{892F60B7-0BC7-4B12-A96D-F149F5C9477D}.Debug|Any CPU.Build.0 = Debug|Any CPU
		{892F60B7-0BC7-4B12-A96D-F149F5C9477D}.Release|Any CPU.ActiveCfg = Release|Any CPU
		{892F60B7-0BC7-4B12-A96D-F149F5C9477D}.Release|Any CPU.Build.0 = Release|Any CPU
		{2BE6128A-AF88-4CAA-83AD-7E1D8A438AC9}.Debug|Any CPU.ActiveCfg = Debug|Any CPU
		{2BE6128A-AF88-4CAA-83AD-7E1D8A438AC9}.Debug|Any CPU.Build.0 = Debug|Any CPU
		{2BE6128A-AF88-4CAA-83AD-7E1D8A438AC9}.Release|Any CPU.ActiveCfg = Release|Any CPU
		{2BE6128A-AF88-4CAA-83AD-7E1D8A438AC9}.Release|Any CPU.Build.0 = Release|Any CPU
	EndGlobalSection
	GlobalSection(SolutionProperties) = preSolution
		HideSolutionNode = FALSE
	EndGlobalSection
	GlobalSection(NestedProjects) = preSolution
		{8EB5663D-4998-4791-8991-3BAD5CA7CDEB} = {02EA681E-C7D8-13C7-8484-4AC65E1B71E8}
		{24339D7A-DEE8-45FE-BAEC-DBA8C3FD26A0} = {02EA681E-C7D8-13C7-8484-4AC65E1B71E8}
		{BE5F7246-EBF3-49C8-87E2-8CF3213B63D2} = {02EA681E-C7D8-13C7-8484-4AC65E1B71E8}
		{2E46D9AD-4E0A-46CA-B5BF-F05C887C1EEC} = {6FD56617-421B-420B-9A3A-8668C9BBE0FD}
		{892F60B7-0BC7-4B12-A96D-F149F5C9477D} = {6FD56617-421B-420B-9A3A-8668C9BBE0FD}
		{2BE6128A-AF88-4CAA-83AD-7E1D8A438AC9} = {6FD56617-421B-420B-9A3A-8668C9BBE0FD}
	EndGlobalSection
	GlobalSection(ExtensibilityGlobals) = postSolution
		SolutionGuid = {8F7CFC86-EA6D-46FF-928B-DA77B05B40EA}
	EndGlobalSection
EndGlobal
