
Microsoft Visual Studio Solution File, Format Version 12.00
# Visual Studio Version 17
VisualStudioVersion = 17.14.36429.23
MinimumVisualStudioVersion = 10.0.40219.1
Project("{2150E333-8FDC-42A3-9474-1A3956D46DE8}") = "Task0", "Task0", "{02EA681E-C7D8-13C7-8484-4AC65E1B71E8}"
EndProject
Project("{FAE04EC0-301F-11D3-BF4B-00C04F79EFBC}") = "Tyuiu.KadralinovaAT.Sprint4.Task0.V5", "Tyuiu.KadralinovaAT.Sprint4.Task0.V5\Tyuiu.KadralinovaAT.Sprint4.Task0.V5.csproj", "{8EB5663D-4998-4791-8991-3BAD5CA7CDEB}"
EndProject
Project("{FAE04EC0-301F-11D3-BF4B-00C04F79EFBC}") = "Tyuiu.KadralinovaAT.Sprint4.Task0.V5.Lib", "Tyuiu.KadralinovaAT.Sprint4.Task0.V5.Lib\Tyuiu.KadralinovaAT.Sprint4.Task0.V5.Lib.csproj", "{24339D7A-DEE8-45FE-BAEC-DBA8C3FD26A0}"
EndProject
Project("{FAE04EC0-301F-11D3-BF4B-00C04F79EFBC}") = "Tyuiu.KadralinovaAT.Sprint4.Task0.V5.Test", "Tyuiu.KadralinovaAT.Sprint4.Task0.V5.Test\Tyuiu.KadralinovaAT.Sprint4.Task0.V5.Test.csproj", "{BE5F7246-EBF3-49C8-87E2-8CF3213B63D2}"
EndProject
Project("{2150E333-8FDC-42A3-9474-1A3956D46DE8}") = "Task1", "Task1", "{6FD56617-421B-420B-9A3A-8668C9BBE0FD}"
EndProject
Project("{FAE04EC0-301F-11D3-BF4B-00C04F79EFBC}") = "Tyuiu.KadralinovaAT.Sprint4.Task1.V3", "Tyuiu.KadralinovaAT.Sprint4.Task1.V3\Tyuiu.KadralinovaAT.Sprint4.Task1.V3.csproj", "{2E46D9AD-4E0A-46CA-B5BF-F05C887C1EEC}"
EndProject
Project("{FAE04EC0-301F-11D3-BF4B-00C04F79EFBC}") = "Tyuiu.KadralinovaAT.Sprint4.Task1.V3.Lib", "Tyuiu.KadralinovaAT.Sprint4.Task1.V3.Lib\Tyuiu.KadralinovaAT.Sprint4.Task1.V3.Lib.csproj", "{892F60B7-0BC7-4B12-A96D-F149F5C9477D}"
EndProject
Project("{FAE04EC0-301F-11D3-BF4B-00C04F79EFBC}") = "Tyuiu.KadralinovaAT.Sprint4.Task1.V3.Test", "Tyuiu.KadralinovaAT.Sprint4.Task1.V3.Test\Tyuiu.KadralinovaAT.Sprint4.Task1.V3.Test.csproj", "{2BE6128A-AF88-4CAA-83AD-7E1D8A438AC9}"
EndProject
Project("{2150E333-8FDC-42A3-9474-1A3956D46DE8}") = "Task2", "Task2", "{8E3CA1D9-490D-4EC2-BA45-7E065A8984BE}"
EndProject
Project("{2150E333-8FDC-42A3-9474-1A3956D46DE8}") = "Task3", "Task3", "{EA8FDC37-E8A1-4B9B-A2F7-1ACE4C09DA4F}"
EndProject
Project("{2150E333-8FDC-42A3-9474-1A3956D46DE8}") = "Task4", "Task4", "{6DA3B6BD-FF60-414D-A189-CD516FBECD29}"
EndProject
Project("{2150E333-8FDC-42A3-9474-1A3956D46DE8}") = "Task5", "Task5", "{5976CE86-C784-42E4-B14C-49DEC8268D71}"
EndProject
Project("{2150E333-8FDC-42A3-9474-1A3956D46DE8}") = "Task6", "Task6", "{54D19E94-8647-453A-A6B7-C2620D2CB602}"
EndProject
Project("{2150E333-8FDC-42A3-9474-1A3956D46DE8}") = "Task7", "Task7", "{89748714-66D0-4327-AB19-AE3B1E55A874}"
EndProject
Project("{FAE04EC0-301F-11D3-BF4B-00C04F79EFBC}") = "Tyuiu.KadralinovaAT.Sprint4.Task2.V12", "Tyuiu.KadralinovaAT.Sprint4.Task2.V12\Tyuiu.KadralinovaAT.Sprint4.Task2.V12.csproj", "{CB697D11-A304-4BFF-AE25-6D82B00E4EB0}"
EndProject
Project("{FAE04EC0-301F-11D3-BF4B-00C04F79EFBC}") = "Tyuiu.KadralinovaAT.Sprint4.Task2.V12.Lib", "Tyuiu.KadralinovaAT.Sprint4.Task2.V12.Lib\Tyuiu.KadralinovaAT.Sprint4.Task2.V12.Lib.csproj", "{5EE4FFAB-8749-4966-B58D-B979F502A65F}"
EndProject
Project("{FAE04EC0-301F-11D3-BF4B-00C04F79EFBC}") = "Tyuiu.KadralinovaAT.Sprint4.Task2.V12.Test", "Tyuiu.KadralinovaAT.Sprint4.Task2.V12.Test\Tyuiu.KadralinovaAT.Sprint4.Task2.V12.Test.csproj", "{E747C207-1A7D-4016-ABB8-EB88F6E69586}"
EndProject
Project("{FAE04EC0-301F-11D3-BF4B-00C04F79EFBC}") = "Tyuiu.KadralinovaAT.Sprint4.Task3.V22", "Tyuiu.KadralinovaAT.Sprint4.Task3.V22\Tyuiu.KadralinovaAT.Sprint4.Task3.V22.csproj", "{28202098-5D94-40C6-9A1F-21E67253B445}"
EndProject
Project("{FAE04EC0-301F-11D3-BF4B-00C04F79EFBC}") = "Tyuiu.KadralinovaAT.Sprint4.Task3.V22.Lib", "Tyuiu.KadralinovaAT.Sprint4.Task3.V22.Lib\Tyuiu.KadralinovaAT.Sprint4.Task3.V22.Lib.csproj", "{1698FCBB-8AA8-4375-A438-4D560A88FA70}"
EndProject
Project("{FAE04EC0-301F-11D3-BF4B-00C04F79EFBC}") = "Tyuiu.KadralinovaAT.Sprint4.Task3.V22.Test", "Tyuiu.KadralinovaAT.Sprint4.Task3.V22.Test\Tyuiu.KadralinovaAT.Sprint4.Task3.V22.Test.csproj", "{21830D2B-82FD-4CBD-AAAD-CED2E7B96E0A}"
EndProject
Project("{FAE04EC0-301F-11D3-BF4B-00C04F79EFBC}") = "Tyuiu.KadralinovaAT.Sprint4.Task4.V20", "Tyuiu.KadralinovaAT.Sprint4.Task4.V20\Tyuiu.KadralinovaAT.Sprint4.Task4.V20.csproj", "{E82B86F6-7DA9-4C1E-9E56-B9B3D49F1ACB}"
EndProject
Project("{FAE04EC0-301F-11D3-BF4B-00C04F79EFBC}") = "Tyuiu.KadralinovaAT.Sprint4.Task4.V20.Lib", "Tyuiu.KadralinovaAT.Sprint4.Task4.V20.Lib\Tyuiu.KadralinovaAT.Sprint4.Task4.V20.Lib.csproj", "{545AF044-623A-4AAF-9DD4-746890FC9AF5}"
EndProject
Project("{FAE04EC0-301F-11D3-BF4B-00C04F79EFBC}") = "Tyuiu.KadralinovaAT.Sprint4.Task4.V20.Test", "Tyuiu.KadralinovaAT.Sprint4.Task4.V20.Test\Tyuiu.KadralinovaAT.Sprint4.Task4.V20.Test.csproj", "{BD510989-913A-4D4F-8B27-44F43414A140}"
EndProject
Project("{FAE04EC0-301F-11D3-BF4B-00C04F79EFBC}") = "Tyuiu.KadralinovaAT.Sprint4.Task5.V2", "Tyuiu.KadralinovaAT.Sprint4.Task5.V2\Tyuiu.KadralinovaAT.Sprint4.Task5.V2.csproj", "{65413F23-FE14-4648-8815-785AFD037B59}"
EndProject
Project("{FAE04EC0-301F-11D3-BF4B-00C04F79EFBC}") = "Tyuiu.KadralinovaAT.Sprint4.Task5.V2.Lib", "Tyuiu.KadralinovaAT.Sprint4.Task5.V2.Lib\Tyuiu.KadralinovaAT.Sprint4.Task5.V2.Lib.csproj", "{8815F1C4-F150-47E0-8669-11E7C383D95C}"
EndProject
Project("{FAE04EC0-301F-11D3-BF4B-00C04F79EFBC}") = "Tyuiu.KadralinovaAT.Sprint4.Task5.V2.Test", "Tyuiu.KadralinovaAT.Sprint4.Task5.V2.Test\Tyuiu.KadralinovaAT.Sprint4.Task5.V2.Test.csproj", "{469810DF-B2C2-4F56-95B0-77FCF45CB369}"
EndProject
Project("{FAE04EC0-301F-11D3-BF4B-00C04F79EFBC}") = "Tyuiu.KadralinovaAT.Sprint4.Task6.V5", "Tyuiu.KadralinovaAT.Sprint4.Task6.V5\Tyuiu.KadralinovaAT.Sprint4.Task6.V5.csproj", "{1B07E4F5-43A6-4AF0-9E86-C6E17E3F23A0}"
EndProject
Project("{FAE04EC0-301F-11D3-BF4B-00C04F79EFBC}") = "Tyuiu.KadralinovaAT.Sprint4.Task6.V5.Lib", "Tyuiu.KadralinovaAT.Sprint4.Task6.V5.Lib\Tyuiu.KadralinovaAT.Sprint4.Task6.V5.Lib.csproj", "{46873541-723E-4427-884E-2F7BC5D75BC4}"
EndProject
Project("{FAE04EC0-301F-11D3-BF4B-00C04F79EFBC}") = "Tyuiu.KadralinovaAT.Sprint4.Task6.V5.Test", "Tyuiu.KadralinovaAT.Sprint4.Task6.V5.Test\Tyuiu.KadralinovaAT.Sprint4.Task6.V5.Test.csproj", "{2A5ED994-E2C3-4A53-8B48-E08E08537F9A}"
EndProject
Project("{FAE04EC0-301F-11D3-BF4B-00C04F79EFBC}") = "Tyuiu.KadralinovaAT.Sprint4.Task7.V13", "Tyuiu.KadralinovaAT.Sprint4.Task7.V13\Tyuiu.KadralinovaAT.Sprint4.Task7.V13.csproj", "{47C540AF-2F17-48D0-9BC3-497B6BE19789}"
EndProject
Project("{FAE04EC0-301F-11D3-BF4B-00C04F79EFBC}") = "Tyuiu.KadralinovaAT.Sprint4.Task7.V13.Lib", "Tyuiu.KadralinovaAT.Sprint4.Task7.V13.Lib\Tyuiu.KadralinovaAT.Sprint4.Task7.V13.Lib.csproj", "{846482BE-362B-46BE-BAF5-B7A8C07B8F11}"
EndProject
Project("{FAE04EC0-301F-11D3-BF4B-00C04F79EFBC}") = "Tyuiu.KadralinovaAT.Sprint4.Task7.V13.Test", "Tyuiu.KadralinovaAT.Sprint4.Task7.V13.Test\Tyuiu.KadralinovaAT.Sprint4.Task7.V13.Test.csproj", "{DF2E9C27-8EA3-45EF-9966-46B8DF529E3D}"
EndProject
Global
	GlobalSection(SolutionConfigurationPlatforms) = preSolution
		Debug|Any CPU = Debug|Any CPU
		Release|Any CPU = Release|Any CPU
	EndGlobalSection
	GlobalSection(ProjectConfigurationPlatforms) = postSolution
		{8EB5663D-4998-4791-8991-3BAD5CA7CDEB}.Debug|Any CPU.ActiveCfg = Debug|Any CPU
		{8EB5663D-4998-4791-8991-3BAD5CA7CDEB}.Debug|Any CPU.Build.0 = Debug|Any CPU
		{8EB5663D-4998-4791-8991-3BAD5CA7CDEB}.Release|Any CPU.ActiveCfg = Release|Any CPU
		{8EB5663D-4998-4791-8991-3BAD5CA7CDEB}.Release|Any CPU.Build.0 = Release|Any CPU
		{24339D7A-DEE8-45FE-BAEC-DBA8C3FD26A0}.Debug|Any CPU.ActiveCfg = Debug|Any CPU
		{24339D7A-DEE8-45FE-BAEC-DBA8C3FD26A0}.Debug|Any CPU.Build.0 = Debug|Any CPU
		{24339D7A-DEE8-45FE-BAEC-DBA8C3FD26A0}.Release|Any CPU.ActiveCfg = Release|Any CPU
		{24339D7A-DEE8-45FE-BAEC-DBA8C3FD26A0}.Release|Any CPU.Build.0 = Release|Any CPU
		{BE5F7246-EBF3-49C8-87E2-8CF3213B63D2}.Debug|Any CPU.ActiveCfg = Debug|Any CPU
		{BE5F7246-EBF3-49C8-87E2-8CF3213B63D2}.Debug|Any CPU.Build.0 = Debug|Any CPU
		{BE5F7246-EBF3-49C8-87E2-8CF3213B63D2}.Release|Any CPU.ActiveCfg = Release|Any CPU
		{BE5F7246-EBF3-49C8-87E2-8CF3213B63D2}.Release|Any CPU.Build.0 = Release|Any CPU
		{2E46D9AD-4E0A-46CA-B5BF-F05C887C1EEC}.Debug|Any CPU.ActiveCfg = Debug|Any CPU
		{2E46D9AD-4E0A-46CA-B5BF-F05C887C1EEC}.Debug|Any CPU.Build.0 = Debug|Any CPU
		{2E46D9AD-4E0A-46CA-B5BF-F05C887C1EEC}.Release|Any CPU.ActiveCfg = Release|Any CPU
		{2E46D9AD-4E0A-46CA-B5BF-F05C887C1EEC}.Release|Any CPU.Build.0 = Release|Any CPU
		{892F60B7-0BC7-4B12-A96D-F149F5C9477D}.Debug|Any CPU.ActiveCfg = Debug|Any CPU
		{892F60B7-0BC7-4B12-A96D-F149F5C9477D}.Debug|Any CPU.Build.0 = Debug|Any CPU
		{892F60B7-0BC7-4B12-A96D-F149F5C9477D}.Release|Any CPU.ActiveCfg = Release|Any CPU
		{892F60B7-0BC7-4B12-A96D-F149F5C9477D}.Release|Any CPU.Build.0 = Release|Any CPU
		{2BE6128A-AF88-4CAA-83AD-7E1D8A438AC9}.Debug|Any CPU.ActiveCfg = Debug|Any CPU
		{2BE6128A-AF88-4CAA-83AD-7E1D8A438AC9}.Debug|Any CPU.Build.0 = Debug|Any CPU
		{2BE6128A-AF88-4CAA-83AD-7E1D8A438AC9}.Release|Any CPU.ActiveCfg = Release|Any CPU
		{2BE6128A-AF88-4CAA-83AD-7E1D8A438AC9}.Release|Any CPU.Build.0 = Release|Any CPU
		{CB697D11-A304-4BFF-AE25-6D82B00E4EB0}.Debug|Any CPU.ActiveCfg = Debug|Any CPU
		{CB697D11-A304-4BFF-AE25-6D82B00E4EB0}.Debug|Any CPU.Build.0 = Debug|Any CPU
		{CB697D11-A304-4BFF-AE25-6D82B00E4EB0}.Release|Any CPU.ActiveCfg = Release|Any CPU
		{CB697D11-A304-4BFF-AE25-6D82B00E4EB0}.Release|Any CPU.Build.0 = Release|Any CPU
		{5EE4FFAB-8749-4966-B58D-B979F502A65F}.Debug|Any CPU.ActiveCfg = Debug|Any CPU
		{5EE4FFAB-8749-4966-B58D-B979F502A65F}.Debug|Any CPU.Build.0 = Debug|Any CPU
		{5EE4FFAB-8749-4966-B58D-B979F502A65F}.Release|Any CPU.ActiveCfg = Release|Any CPU
		{5EE4FFAB-8749-4966-B58D-B979F502A65F}.Release|Any CPU.Build.0 = Release|Any CPU
		{E747C207-1A7D-4016-ABB8-EB88F6E69586}.Debug|Any CPU.ActiveCfg = Debug|Any CPU
		{E747C207-1A7D-4016-ABB8-EB88F6E69586}.Debug|Any CPU.Build.0 = Debug|Any CPU
		{E747C207-1A7D-4016-ABB8-EB88F6E69586}.Release|Any CPU.ActiveCfg = Release|Any CPU
		{E747C207-1A7D-4016-ABB8-EB88F6E69586}.Release|Any CPU.Build.0 = Release|Any CPU
		{28202098-5D94-40C6-9A1F-21E67253B445}.Debug|Any CPU.ActiveCfg = Debug|Any CPU
		{28202098-5D94-40C6-9A1F-21E67253B445}.Debug|Any CPU.Build.0 = Debug|Any CPU
		{28202098-5D94-40C6-9A1F-21E67253B445}.Release|Any CPU.ActiveCfg = Release|Any CPU
		{28202098-5D94-40C6-9A1F-21E67253B445}.Release|Any CPU.Build.0 = Release|Any CPU
		{1698FCBB-8AA8-4375-A438-4D560A88FA70}.Debug|Any CPU.ActiveCfg = Debug|Any CPU
		{1698FCBB-8AA8-4375-A438-4D560A88FA70}.Debug|Any CPU.Build.0 = Debug|Any CPU
		{1698FCBB-8AA8-4375-A438-4D560A88FA70}.Release|Any CPU.ActiveCfg = Release|Any CPU
		{1698FCBB-8AA8-4375-A438-4D560A88FA70}.Release|Any CPU.Build.0 = Release|Any CPU
		{21830D2B-82FD-4CBD-AAAD-CED2E7B96E0A}.Debug|Any CPU.ActiveCfg = Debug|Any CPU
		{21830D2B-82FD-4CBD-AAAD-CED2E7B96E0A}.Debug|Any CPU.Build.0 = Debug|Any CPU
		{21830D2B-82FD-4CBD-AAAD-CED2E7B96E0A}.Release|Any CPU.ActiveCfg = Release|Any CPU
		{21830D2B-82FD-4CBD-AAAD-CED2E7B96E0A}.Release|Any CPU.Build.0 = Release|Any CPU
		{E82B86F6-7DA9-4C1E-9E56-B9B3D49F1ACB}.Debug|Any CPU.ActiveCfg = Debug|Any CPU
		{E82B86F6-7DA9-4C1E-9E56-B9B3D49F1ACB}.Debug|Any CPU.Build.0 = Debug|Any CPU
		{E82B86F6-7DA9-4C1E-9E56-B9B3D49F1ACB}.Release|Any CPU.ActiveCfg = Release|Any CPU
		{E82B86F6-7DA9-4C1E-9E56-B9B3D49F1ACB}.Release|Any CPU.Build.0 = Release|Any CPU
		{545AF044-623A-4AAF-9DD4-746890FC9AF5}.Debug|Any CPU.ActiveCfg = Debug|Any CPU
		{545AF044-623A-4AAF-9DD4-746890FC9AF5}.Debug|Any CPU.Build.0 = Debug|Any CPU
		{545AF044-623A-4AAF-9DD4-746890FC9AF5}.Release|Any CPU.ActiveCfg = Release|Any CPU
		{545AF044-623A-4AAF-9DD4-746890FC9AF5}.Release|Any CPU.Build.0 = Release|Any CPU
		{BD510989-913A-4D4F-8B27-44F43414A140}.Debug|Any CPU.ActiveCfg = Debug|Any CPU
		{BD510989-913A-4D4F-8B27-44F43414A140}.Debug|Any CPU.Build.0 = Debug|Any CPU
		{BD510989-913A-4D4F-8B27-44F43414A140}.Release|Any CPU.ActiveCfg = Release|Any CPU
		{BD510989-913A-4D4F-8B27-44F43414A140}.Release|Any CPU.Build.0 = Release|Any CPU
		{65413F23-FE14-4648-8815-785AFD037B59}.Debug|Any CPU.ActiveCfg = Debug|Any CPU
		{65413F23-FE14-4648-8815-785AFD037B59}.Debug|Any CPU.Build.0 = Debug|Any CPU
		{65413F23-FE14-4648-8815-785AFD037B59}.Release|Any CPU.ActiveCfg = Release|Any CPU
		{65413F23-FE14-4648-8815-785AFD037B59}.Release|Any CPU.Build.0 = Release|Any CPU
		{8815F1C4-F150-47E0-8669-11E7C383D95C}.Debug|Any CPU.ActiveCfg = Debug|Any CPU
		{8815F1C4-F150-47E0-8669-11E7C383D95C}.Debug|Any CPU.Build.0 = Debug|Any CPU
		{8815F1C4-F150-47E0-8669-11E7C383D95C}.Release|Any CPU.ActiveCfg = Release|Any CPU
		{8815F1C4-F150-47E0-8669-11E7C383D95C}.Release|Any CPU.Build.0 = Release|Any CPU
		{469810DF-B2C2-4F56-95B0-77FCF45CB369}.Debug|Any CPU.ActiveCfg = Debug|Any CPU
		{469810DF-B2C2-4F56-95B0-77FCF45CB369}.Debug|Any CPU.Build.0 = Debug|Any CPU
		{469810DF-B2C2-4F56-95B0-77FCF45CB369}.Release|Any CPU.ActiveCfg = Release|Any CPU
		{469810DF-B2C2-4F56-95B0-77FCF45CB369}.Release|Any CPU.Build.0 = Release|Any CPU
		{1B07E4F5-43A6-4AF0-9E86-C6E17E3F23A0}.Debug|Any CPU.ActiveCfg = Debug|Any CPU
		{1B07E4F5-43A6-4AF0-9E86-C6E17E3F23A0}.Debug|Any CPU.Build.0 = Debug|Any CPU
		{1B07E4F5-43A6-4AF0-9E86-C6E17E3F23A0}.Release|Any CPU.ActiveCfg = Release|Any CPU
		{1B07E4F5-43A6-4AF0-9E86-C6E17E3F23A0}.Release|Any CPU.Build.0 = Release|Any CPU
		{46873541-723E-4427-884E-2F7BC5D75BC4}.Debug|Any CPU.ActiveCfg = Debug|Any CPU
		{46873541-723E-4427-884E-2F7BC5D75BC4}.Debug|Any CPU.Build.0 = Debug|Any CPU
		{46873541-723E-4427-884E-2F7BC5D75BC4}.Release|Any CPU.ActiveCfg = Release|Any CPU
		{46873541-723E-4427-884E-2F7BC5D75BC4}.Release|Any CPU.Build.0 = Release|Any CPU
		{2A5ED994-E2C3-4A53-8B48-E08E08537F9A}.Debug|Any CPU.ActiveCfg = Debug|Any CPU
		{2A5ED994-E2C3-4A53-8B48-E08E08537F9A}.Debug|Any CPU.Build.0 = Debug|Any CPU
		{2A5ED994-E2C3-4A53-8B48-E08E08537F9A}.Release|Any CPU.ActiveCfg = Release|Any CPU
		{2A5ED994-E2C3-4A53-8B48-E08E08537F9A}.Release|Any CPU.Build.0 = Release|Any CPU
		{47C540AF-2F17-48D0-9BC3-497B6BE19789}.Debug|Any CPU.ActiveCfg = Debug|Any CPU
		{47C540AF-2F17-48D0-9BC3-497B6BE19789}.Debug|Any CPU.Build.0 = Debug|Any CPU
		{47C540AF-2F17-48D0-9BC3-497B6BE19789}.Release|Any CPU.ActiveCfg = Release|Any CPU
		{47C540AF-2F17-48D0-9BC3-497B6BE19789}.Release|Any CPU.Build.0 = Release|Any CPU
		{846482BE-362B-46BE-BAF5-B7A8C07B8F11}.Debug|Any CPU.ActiveCfg = Debug|Any CPU
		{846482BE-362B-46BE-BAF5-B7A8C07B8F11}.Debug|Any CPU.Build.0 = Debug|Any CPU
		{846482BE-362B-46BE-BAF5-B7A8C07B8F11}.Release|Any CPU.ActiveCfg = Release|Any CPU
		{846482BE-362B-46BE-BAF5-B7A8C07B8F11}.Release|Any CPU.Build.0 = Release|Any CPU
		{DF2E9C27-8EA3-45EF-9966-46B8DF529E3D}.Debug|Any CPU.ActiveCfg = Debug|Any CPU
		{DF2E9C27-8EA3-45EF-9966-46B8DF529E3D}.Debug|Any CPU.Build.0 = Debug|Any CPU
		{DF2E9C27-8EA3-45EF-9966-46B8DF529E3D}.Release|Any CPU.ActiveCfg = Release|Any CPU
		{DF2E9C27-8EA3-45EF-9966-46B8DF529E3D}.Release|Any CPU.Build.0 = Release|Any CPU
	EndGlobalSection
	GlobalSection(SolutionProperties) = preSolution
		HideSolutionNode = FALSE
	EndGlobalSection
	GlobalSection(NestedProjects) = preSolution
		{8EB5663D-4998-4791-8991-3BAD5CA7CDEB} = {02EA681E-C7D8-13C7-8484-4AC65E1B71E8}
		{24339D7A-DEE8-45FE-BAEC-DBA8C3FD26A0} = {02EA681E-C7D8-13C7-8484-4AC65E1B71E8}
		{BE5F7246-EBF3-49C8-87E2-8CF3213B63D2} = {02EA681E-C7D8-13C7-8484-4AC65E1B71E8}
		{2E46D9AD-4E0A-46CA-B5BF-F05C887C1EEC} = {6FD56617-421B-420B-9A3A-8668C9BBE0FD}
		{892F60B7-0BC7-4B12-A96D-F149F5C9477D} = {6FD56617-421B-420B-9A3A-8668C9BBE0FD}
		{2BE6128A-AF88-4CAA-83AD-7E1D8A438AC9} = {6FD56617-421B-420B-9A3A-8668C9BBE0FD}
		{CB697D11-A304-4BFF-AE25-6D82B00E4EB0} = {8E3CA1D9-490D-4EC2-BA45-7E065A8984BE}
		{5EE4FFAB-8749-4966-B58D-B979F502A65F} = {8E3CA1D9-490D-4EC2-BA45-7E065A8984BE}
		{E747C207-1A7D-4016-ABB8-EB88F6E69586} = {8E3CA1D9-490D-4EC2-BA45-7E065A8984BE}
		{28202098-5D94-40C6-9A1F-21E67253B445} = {EA8FDC37-E8A1-4B9B-A2F7-1ACE4C09DA4F}
		{1698FCBB-8AA8-4375-A438-4D560A88FA70} = {EA8FDC37-E8A1-4B9B-A2F7-1ACE4C09DA4F}
		{21830D2B-82FD-4CBD-AAAD-CED2E7B96E0A} = {EA8FDC37-E8A1-4B9B-A2F7-1ACE4C09DA4F}
		{E82B86F6-7DA9-4C1E-9E56-B9B3D49F1ACB} = {6DA3B6BD-FF60-414D-A189-CD516FBECD29}
		{545AF044-623A-4AAF-9DD4-746890FC9AF5} = {6DA3B6BD-FF60-414D-A189-CD516FBECD29}
		{BD510989-913A-4D4F-8B27-44F43414A140} = {6DA3B6BD-FF60-414D-A189-CD516FBECD29}
		{65413F23-FE14-4648-8815-785AFD037B59} = {5976CE86-C784-42E4-B14C-49DEC8268D71}
		{8815F1C4-F150-47E0-8669-11E7C383D95C} = {5976CE86-C784-42E4-B14C-49DEC8268D71}
		{469810DF-B2C2-4F56-95B0-77FCF45CB369} = {5976CE86-C784-42E4-B14C-49DEC8268D71}
		{1B07E4F5-43A6-4AF0-9E86-C6E17E3F23A0} = {54D19E94-8647-453A-A6B7-C2620D2CB602}
		{46873541-723E-4427-884E-2F7BC5D75BC4} = {54D19E94-8647-453A-A6B7-C2620D2CB602}
		{2A5ED994-E2C3-4A53-8B48-E08E08537F9A} = {54D19E94-8647-453A-A6B7-C2620D2CB602}
		{47C540AF-2F17-48D0-9BC3-497B6BE19789} = {89748714-66D0-4327-AB19-AE3B1E55A874}
		{846482BE-362B-46BE-BAF5-B7A8C07B8F11} = {89748714-66D0-4327-AB19-AE3B1E55A874}
		{DF2E9C27-8EA3-45EF-9966-46B8DF529E3D} = {89748714-66D0-4327-AB19-AE3B1E55A874}
	EndGlobalSection
	GlobalSection(ExtensibilityGlobals) = postSolution
		SolutionGuid = {8F7CFC86-EA6D-46FF-928B-DA77B05B40EA}
	EndGlobalSection
EndGlobal
